hash: ad5bd56f6d74e9a1c20beb0c2a2dfca3f894ca4d2e756966210b2ef34e8d9b80
updated: 2018-07-29T20:31:27.10421752+08:00
imports:
- name: github.com/cihub/seelog
  version: d2c6e5aa9fbfdd1c624e140287063c7730654115
- name: github.com/golang/protobuf
  version: b4deda0973fb4c70b50d226b1af49f3da59f5265
  subpackages:
  - proto
  - ptypes
  - ptypes/any
  - ptypes/duration
  - ptypes/timestamp
- name: github.com/jsonkey/example
  version: 1b1ef2cbf50d8a199d9d00daa3d265478f1ac3aa
  subpackages:
  - src/utils
- name: golang.org/x/net
  version: 3673e40ba22529d22c3fd7c93e97b0ce50fa7bdd
  subpackages:
  - context
  - http/httpguts
  - http2
  - http2/hpack
  - idna
  - internal/timeseries
  - trace
- name: golang.org/x/text
  version: 0605a8320aceb4207a5fb3521281e17ec2075476
  subpackages:
  - secure/bidirule
  - transform
  - unicode/bidi
  - unicode/norm
- name: google.golang.org/genproto
  version: 2a72893556e4d1f6c795a4c039314c9fa751eedb
  subpackages:
  - googleapis/rpc/status
- name: google.golang.org/grpc
  version: 168a6198bcb0ef175f7dacec0b8691fc141dc9b8
  subpackages:
  - balancer
  - balancer/base
  - balancer/roundrobin
  - codes
  - connectivity
  - credentials
  - encoding
  - encoding/proto
  - grpclog
  - internal
  - internal/backoff
  - internal/channelz
  - internal/grpcrand
  - keepalive
  - metadata
  - naming
  - peer
  - resolver
  - resolver/dns
  - resolver/passthrough
  - stats
  - status
  - tap
  - transport
testImports: []
